
Microsoft Visual Studio Solution File, Format Version 12.00
# Visual Studio Version 17
VisualStudioVersion = 17.4.33110.190
MinimumVisualStudioVersion = 10.0.40219.1
Project("{9A19103F-16F7-4668-BE54-9A1E7A4F7556}") = "OrdersApiAppPV012", "OrdersApiAppPV012\OrdersApiAppPV012.csproj", "{ACF0A72F-32F5-4705-81D7-0985CE38F26E}"
EndProject
Project("{E53339B2-1760-4266-BCC7-CA923CBCF16C}") = "docker-compose", "docker-compose.dcproj", "{D3425048-12B4-4D39-8EF7-8F66AB203DEF}"
EndProject
Global
	GlobalSection(SolutionConfigurationPlatforms) = preSolution
		Debug|Any CPU = Debug|Any CPU
		Release|Any CPU = Release|Any CPU
	EndGlobalSection
	GlobalSection(ProjectConfigurationPlatforms) = postSolution
		{ACF0A72F-32F5-4705-81D7-0985CE38F26E}.Debug|Any CPU.ActiveCfg = Debug|Any CPU
		{ACF0A72F-32F5-4705-81D7-0985CE38F26E}.Debug|Any CPU.Build.0 = Debug|Any CPU
		{ACF0A72F-32F5-4705-81D7-0985CE38F26E}.Release|Any CPU.ActiveCfg = Release|Any CPU
		{ACF0A72F-32F5-4705-81D7-0985CE38F26E}.Release|Any CPU.Build.0 = Release|Any CPU
		{D3425048-12B4-4D39-8EF7-8F66AB203DEF}.Debug|Any CPU.ActiveCfg = Debug|Any CPU
		{D3425048-12B4-4D39-8EF7-8F66AB203DEF}.Debug|Any CPU.Build.0 = Debug|Any CPU
		{D3425048-12B4-4D39-8EF7-8F66AB203DEF}.Release|Any CPU.ActiveCfg = Release|Any CPU
		{D3425048-12B4-4D39-8EF7-8F66AB203DEF}.Release|Any CPU.Build.0 = Release|Any CPU
	EndGlobalSection
	GlobalSection(SolutionProperties) = preSolution
		HideSolutionNode = FALSE
	EndGlobalSection
	GlobalSection(ExtensibilityGlobals) = postSolution
		SolutionGuid = {B6FF0062-5088-48E6-9DF0-29C68758681C}
	EndGlobalSection
EndGlobal
